
Microsoft Visual Studio Solution File, Format Version 12.00
# Visual Studio Version 17
VisualStudioVersion = 17.2.32616.157
MinimumVisualStudioVersion = 10.0.40219.1
Project("{9A19103F-16F7-4668-BE54-9A1E7A4F7556}") = "Student", "Student\Student.csproj", "{DA8D0D39-409C-4183-98A3-90AF0D604251}"
EndProject
Project("{9A19103F-16F7-4668-BE54-9A1E7A4F7556}") = "MSTest", "MSTest\MSTest.csproj", "{A598E625-8E26-4435-A3A9-4BA05A41A41E}"
EndProject
Project("{FAE04EC0-301F-11D3-BF4B-00C04F79EFBC}") = "XUnitTest", "StudentDetailsController.XUnit\XUnitTest.csproj", "{10F419CE-F834-4131-835F-18CCF4914A15}"
EndProject
Project("{FAE04EC0-301F-11D3-BF4B-00C04F79EFBC}") = "Nunit", "Nunit\Nunit.csproj", "{E4712116-E935-4E66-82E9-A26C744AF75B}"
EndProject
Global
	GlobalSection(SolutionConfigurationPlatforms) = preSolution
		Debug|Any CPU = Debug|Any CPU
		Release|Any CPU = Release|Any CPU
	EndGlobalSection
	GlobalSection(ProjectConfigurationPlatforms) = postSolution
		{DA8D0D39-409C-4183-98A3-90AF0D604251}.Debug|Any CPU.ActiveCfg = Debug|Any CPU
		{DA8D0D39-409C-4183-98A3-90AF0D604251}.Debug|Any CPU.Build.0 = Debug|Any CPU
		{DA8D0D39-409C-4183-98A3-90AF0D604251}.Release|Any CPU.ActiveCfg = Release|Any CPU
		{DA8D0D39-409C-4183-98A3-90AF0D604251}.Release|Any CPU.Build.0 = Release|Any CPU
		{A598E625-8E26-4435-A3A9-4BA05A41A41E}.Debug|Any CPU.ActiveCfg = Debug|Any CPU
		{A598E625-8E26-4435-A3A9-4BA05A41A41E}.Debug|Any CPU.Build.0 = Debug|Any CPU
		{A598E625-8E26-4435-A3A9-4BA05A41A41E}.Release|Any CPU.ActiveCfg = Release|Any CPU
		{A598E625-8E26-4435-A3A9-4BA05A41A41E}.Release|Any CPU.Build.0 = Release|Any CPU
		{10F419CE-F834-4131-835F-18CCF4914A15}.Debug|Any CPU.ActiveCfg = Debug|Any CPU
		{10F419CE-F834-4131-835F-18CCF4914A15}.Debug|Any CPU.Build.0 = Debug|Any CPU
		{10F419CE-F834-4131-835F-18CCF4914A15}.Release|Any CPU.ActiveCfg = Release|Any CPU
		{10F419CE-F834-4131-835F-18CCF4914A15}.Release|Any CPU.Build.0 = Release|Any CPU
		{E4712116-E935-4E66-82E9-A26C744AF75B}.Debug|Any CPU.ActiveCfg = Debug|Any CPU
		{E4712116-E935-4E66-82E9-A26C744AF75B}.Debug|Any CPU.Build.0 = Debug|Any CPU
		{E4712116-E935-4E66-82E9-A26C744AF75B}.Release|Any CPU.ActiveCfg = Release|Any CPU
		{E4712116-E935-4E66-82E9-A26C744AF75B}.Release|Any CPU.Build.0 = Release|Any CPU
	EndGlobalSection
	GlobalSection(SolutionProperties) = preSolution
		HideSolutionNode = FALSE
	EndGlobalSection
	GlobalSection(ExtensibilityGlobals) = postSolution
		SolutionGuid = {A8F947E7-34B2-45FD-9A16-F6782B65B438}
	EndGlobalSection
EndGlobal
